# This file was autogenerated by Stack.
# You should not edit this file by hand.
# For more information, please see the documentation at:
#   https://docs.haskellstack.org/en/stable/lock_files

packages:
- completed:
    pantry-tree:
      sha256: b1b9a6a26ec765e5fe29f9a670a5c9ec7067ea00dee8491f0819284ff0201b6f
      size: 641
    hackage: hasql-dynamic-statements-0.3.1@sha256:c3a2c89c4a8b3711368dbd33f0ccfe46a493faa7efc2c85d3e354c56a01dfc48,2673
  original:
    hackage: hasql-dynamic-statements-0.3.1@sha256:c3a2c89c4a8b3711368dbd33f0ccfe46a493faa7efc2c85d3e354c56a01dfc48,2673
- completed:
    pantry-tree:
      sha256: 55e3dfca36ffe0d11e1c42bce446e3cc1d5b9a4983e196ec99c650c8b4268845
      size: 589
    hackage: hasql-migration-0.3.0@sha256:6ca4cc6c89834bb79eb9f15b504774043b5b3994336bd86a9d79e59da6d54963,2799
  original:
    hackage: hasql-migration-0.3.0@sha256:6ca4cc6c89834bb79eb9f15b504774043b5b3994336bd86a9d79e59da6d54963,2799
- completed:
    pantry-tree:
      sha256: 1cb2a126a60d353b72a6806965b7680ba420fba7d2b0429252f8756f6b006ae9
      size: 864
    hackage: hasql-th-0.4.0.11@sha256:3d870f4f60dd23b8cb715d965b8278a33a466f0b0e827f065218ae3c08a64409,2246
  original:
    hackage: hasql-th-0.4.0.11@sha256:3d870f4f60dd23b8cb715d965b8278a33a466f0b0e827f065218ae3c08a64409,2246
- completed:
    pantry-tree:
      sha256: 2f00d1467d0e226b966c2cd7bac433c8948e2f7bbdf8a44936029f66fc20b5f3
      size: 310
    hackage: hasql-implicits-0.1.0.2@sha256:5d54e09cb779a209681b139fb3cc726bae75134557932156340cc0a56dd834a8,1361
  original:
    hackage: hasql-implicits-0.1.0.2@sha256:5d54e09cb779a209681b139fb3cc726bae75134557932156340cc0a56dd834a8,1361
- completed:
    pantry-tree:
      sha256: 1942e3259b02a2546bf1fc6fe7f956cbcce724f29c3feea8698ab90a465e499a
      size: 1227
    hackage: postgresql-syntax-0.4@sha256:df8b65a33f4088eddad25cedbec814e5f34f8e8ae55065139b73bd6da0d66f21,4176
  original:
    hackage: postgresql-syntax-0.4@sha256:df8b65a33f4088eddad25cedbec814e5f34f8e8ae55065139b73bd6da0d66f21,4176
- completed:
    pantry-tree:
      sha256: d2b8440a738719ef8430ec38fe33b129e3940e4ccf2c016a727a1110a43656bb
      size: 1089
    hackage: ptr-0.16.8.1@sha256:525219ec5f5da5c699725f7efcef91b00a7d44120fc019878b85c09440bf51d6,2686
  original:
    hackage: ptr-0.16.8.1@sha256:525219ec5f5da5c699725f7efcef91b00a7d44120fc019878b85c09440bf51d6,2686
- completed:
    pantry-tree:
      sha256: 630ccfe8e3224de8b952aeb4758609aebcd89a2d654d3c0574b7ad40577abe0b
      size: 383
    hackage: headed-megaparsec-0.2.0.2@sha256:2695b09f0a6208c24f0112fac1b97b392b410ca59db38c6b8a25e175ebf8d661,1571
  original:
    hackage: headed-megaparsec-0.2.0.2@sha256:2695b09f0a6208c24f0112fac1b97b392b410ca59db38c6b8a25e175ebf8d661,1571
- completed:
    pantry-tree:
      sha256: 413852e35a2f32d09992ded1e0c1edfd3b4e252986e87c6a30c3364eb04ea2c7
      size: 1213
    hackage: selective-0.5@sha256:dff7715af7cc652f2e695e17674e2b1016ea4f675357291dc78a1f7a3ee5a17f,3470
  original:
    hackage: selective-0.5@sha256:dff7715af7cc652f2e695e17674e2b1016ea4f675357291dc78a1f7a3ee5a17f,3470
snapshots:
- completed:
    sha256: 7f69bb29a57495586e7e3ed31ecc59c0d2c959cb23bd52b71ca676f254c9beb1
    size: 587819
    url: https://raw.githubusercontent.com/commercialhaskell/stackage-snapshots/master/lts/18/23.yaml
  original: lts-18.23
